// !$*UTF8*$!
{
	archiveVersion = 1;
	classes = {
	};
	objectVersion = 52;
	objects = {

/* Begin PBXBuildFile section */
		081D0EEF24A7AC4C00E0AE10 /* SettingsView.swift in Sources */ = {isa = PBXBuildFile; fileRef = 081D0EEE24A7AC4C00E0AE10 /* SettingsView.swift */; };
		081D0EF124A7AF5C00E0AE10 /* Response.swift in Sources */ = {isa = PBXBuildFile; fileRef = 081D0EF024A7AF5C00E0AE10 /* Response.swift */; };
		081D0EF324A7BC7700E0AE10 /* DataModels.swift in Sources */ = {isa = PBXBuildFile; fileRef = 081D0EF224A7BC7700E0AE10 /* DataModels.swift */; };
		081D0EF524A7C73500E0AE10 /* AddModalView.swift in Sources */ = {isa = PBXBuildFile; fileRef = 081D0EF424A7C73500E0AE10 /* AddModalView.swift */; };
		081D0EF724A8F93B00E0AE10 /* AddModalModel.swift in Sources */ = {isa = PBXBuildFile; fileRef = 081D0EF624A8F93B00E0AE10 /* AddModalModel.swift */; };
		081D0EF924AA73CD00E0AE10 /* DetailModel.swift in Sources */ = {isa = PBXBuildFile; fileRef = 081D0EF824AA73CC00E0AE10 /* DetailModel.swift */; };
		081D0EFD24AA958200E0AE10 /* DateExtensions.swift in Sources */ = {isa = PBXBuildFile; fileRef = 081D0EFC24AA958200E0AE10 /* DateExtensions.swift */; };
		081D0F0024AAC66700E0AE10 /* SettingsModel.swift in Sources */ = {isa = PBXBuildFile; fileRef = 081D0EFF24AAC66700E0AE10 /* SettingsModel.swift */; };
		081D0F0224AB878800E0AE10 /* ImageExtensions.swift in Sources */ = {isa = PBXBuildFile; fileRef = 081D0F0124AB878700E0AE10 /* ImageExtensions.swift */; };
		081D995924ACE2EE005B030F /* WebServiceSecret.swift in Sources */ = {isa = PBXBuildFile; fileRef = 081D995824ACE2EE005B030F /* WebServiceSecret.swift */; };
		081D995B24ACE4A5005B030F /* XAxisLabelView.swift in Sources */ = {isa = PBXBuildFile; fileRef = 081D995A24ACE4A5005B030F /* XAxisLabelView.swift */; };
		081D995D24ACEC71005B030F /* TestView.swift in Sources */ = {isa = PBXBuildFile; fileRef = 081D995C24ACEC71005B030F /* TestView.swift */; };
		081D995F24ACEE37005B030F /* DetailView.swift in Sources */ = {isa = PBXBuildFile; fileRef = 081D995E24ACEE37005B030F /* DetailView.swift */; };
		081D996124AD1A7F005B030F /* ChartViewController.swift in Sources */ = {isa = PBXBuildFile; fileRef = 081D996024AD1A7F005B030F /* ChartViewController.swift */; };
		081D996324AD2605005B030F /* FilterPopoverModel.swift in Sources */ = {isa = PBXBuildFile; fileRef = 081D996224AD2605005B030F /* FilterPopoverModel.swift */; };
		081D996524AD2B99005B030F /* SystemServices.swift in Sources */ = {isa = PBXBuildFile; fileRef = 081D996424AD2B99005B030F /* SystemServices.swift */; };
		081D996724AD50E2005B030F /* FullscreenChartView.swift in Sources */ = {isa = PBXBuildFile; fileRef = 081D996624AD50E2005B030F /* FullscreenChartView.swift */; };
		081D996924AD6962005B030F /* ImageService.swift in Sources */ = {isa = PBXBuildFile; fileRef = 081D996824AD6962005B030F /* ImageService.swift */; };
		081D99AA24B29F09005B030F /* CEOPopoverView.swift in Sources */ = {isa = PBXBuildFile; fileRef = 081D99A924B29F09005B030F /* CEOPopoverView.swift */; };
		081D99AC24B2A0D5005B030F /* CEOPopoverModel.swift in Sources */ = {isa = PBXBuildFile; fileRef = 081D99AB24B2A0D5005B030F /* CEOPopoverModel.swift */; };
		082E0BDD24BF72140083D769 /* TranslationStrings.swift in Sources */ = {isa = PBXBuildFile; fileRef = 082E0BDC24BF72140083D769 /* TranslationStrings.swift */; };
		08BB2C4424BF7F1800878E4E /* Localizable.strings in Resources */ = {isa = PBXBuildFile; fileRef = 08BB2C4624BF7F1800878E4E /* Localizable.strings */; };
		08C3DB1C24A4E178005424A7 /* AppDelegate.swift in Sources */ = {isa = PBXBuildFile; fileRef = 08C3DB1B24A4E178005424A7 /* AppDelegate.swift */; };
		08C3DB1F24A4E178005424A7 /* stocks.xcdatamodeld in Sources */ = {isa = PBXBuildFile; fileRef = 08C3DB1D24A4E178005424A7 /* stocks.xcdatamodeld */; };
		08C3DB2124A4E178005424A7 /* SceneDelegate.swift in Sources */ = {isa = PBXBuildFile; fileRef = 08C3DB2024A4E178005424A7 /* SceneDelegate.swift */; };
		08C3DB2324A4E178005424A7 /* Event.swift in Sources */ = {isa = PBXBuildFile; fileRef = 08C3DB2224A4E178005424A7 /* Event.swift */; };
		08C3DB2524A4E178005424A7 /* ContentView.swift in Sources */ = {isa = PBXBuildFile; fileRef = 08C3DB2424A4E178005424A7 /* ContentView.swift */; };
		08C3DB2724A4E17C005424A7 /* Assets.xcassets in Resources */ = {isa = PBXBuildFile; fileRef = 08C3DB2624A4E17C005424A7 /* Assets.xcassets */; };
		08C3DB2A24A4E17C005424A7 /* Preview Assets.xcassets in Resources */ = {isa = PBXBuildFile; fileRef = 08C3DB2924A4E17C005424A7 /* Preview Assets.xcassets */; };
		08C3DB2D24A4E17C005424A7 /* LaunchScreen.storyboard in Resources */ = {isa = PBXBuildFile; fileRef = 08C3DB2B24A4E17C005424A7 /* LaunchScreen.storyboard */; };
		08C3DB3824A4EB9B005424A7 /* WebService.swift in Sources */ = {isa = PBXBuildFile; fileRef = 08C3DB3724A4EB9B005424A7 /* WebService.swift */; };
		08C3DB3C24A4F2F0005424A7 /* Historical.json in Resources */ = {isa = PBXBuildFile; fileRef = 08C3DB3B24A4F2F0005424A7 /* Historical.json */; };
		08C3DB3E24A4F4A7005424A7 /* Data.swift in Sources */ = {isa = PBXBuildFile; fileRef = 08C3DB3D24A4F4A7005424A7 /* Data.swift */; };
		08C3DB4024A4F5D1005424A7 /* HistoricalDay.swift in Sources */ = {isa = PBXBuildFile; fileRef = 08C3DB3F24A4F5D1005424A7 /* HistoricalDay.swift */; };
		08C3DB4224A4FA99005424A7 /* Stock.swift in Sources */ = {isa = PBXBuildFile; fileRef = 08C3DB4124A4FA99005424A7 /* Stock.swift */; };
		08C3DB4624A4FDB6005424A7 /* ChartColors.swift in Sources */ = {isa = PBXBuildFile; fileRef = 08C3DB4324A4FDB6005424A7 /* ChartColors.swift */; };
		08C3DB4724A4FDB6005424A7 /* ChartSeries.swift in Sources */ = {isa = PBXBuildFile; fileRef = 08C3DB4424A4FDB6005424A7 /* ChartSeries.swift */; };
		08C3DB4824A4FDB6005424A7 /* Chart.swift in Sources */ = {isa = PBXBuildFile; fileRef = 08C3DB4524A4FDB6005424A7 /* Chart.swift */; };
		08C3DB4B24A4FF1A005424A7 /* ChartView.swift in Sources */ = {isa = PBXBuildFile; fileRef = 08C3DB4A24A4FF1A005424A7 /* ChartView.swift */; };
		08D1D81F24BA2E0E00B1E5BC /* SidebarModel.swift in Sources */ = {isa = PBXBuildFile; fileRef = 08D1D81E24BA2E0E00B1E5BC /* SidebarModel.swift */; };
		08D5049524ABA8D60071DBC1 /* ButtonStyles.swift in Sources */ = {isa = PBXBuildFile; fileRef = 08D5049424ABA8D50071DBC1 /* ButtonStyles.swift */; };
		08D5049724ABFA9B0071DBC1 /* FilterPopoverView.swift in Sources */ = {isa = PBXBuildFile; fileRef = 08D5049624ABFA9B0071DBC1 /* FilterPopoverView.swift */; };
		08F3A11624CF829E0053A248 /* PathExtensions.swift in Sources */ = {isa = PBXBuildFile; fileRef = 08F3A11524CF829E0053A248 /* PathExtensions.swift */; };
		08F3A11924CF841F0053A248 /* SwiftUICharts in Frameworks */ = {isa = PBXBuildFile; productRef = 08F3A11824CF841F0053A248 /* SwiftUICharts */; };
		08F3A11E24CF8A980053A248 /* ZanderChartView.swift in Sources */ = {isa = PBXBuildFile; fileRef = 08F3A11D24CF8A980053A248 /* ZanderChartView.swift */; };
/* End PBXBuildFile section */

/* Begin PBXFileReference section */
		081D0EEE24A7AC4C00E0AE10 /* SettingsView.swift */ = {isa = PBXFileReference; lastKnownFileType = sourcecode.swift; path = SettingsView.swift; sourceTree = "<group>"; };
		081D0EF024A7AF5C00E0AE10 /* Response.swift */ = {isa = PBXFileReference; lastKnownFileType = sourcecode.swift; path = Response.swift; sourceTree = "<group>"; };
		081D0EF224A7BC7700E0AE10 /* DataModels.swift */ = {isa = PBXFileReference; lastKnownFileType = sourcecode.swift; path = DataModels.swift; sourceTree = "<group>"; };
		081D0EF424A7C73500E0AE10 /* AddModalView.swift */ = {isa = PBXFileReference; lastKnownFileType = sourcecode.swift; path = AddModalView.swift; sourceTree = "<group>"; };
		081D0EF624A8F93B00E0AE10 /* AddModalModel.swift */ = {isa = PBXFileReference; lastKnownFileType = sourcecode.swift; path = AddModalModel.swift; sourceTree = "<group>"; };
		081D0EF824AA73CC00E0AE10 /* DetailModel.swift */ = {isa = PBXFileReference; lastKnownFileType = sourcecode.swift; path = DetailModel.swift; sourceTree = "<group>"; };
		081D0EFC24AA958200E0AE10 /* DateExtensions.swift */ = {isa = PBXFileReference; lastKnownFileType = sourcecode.swift; path = DateExtensions.swift; sourceTree = "<group>"; };
		081D0EFF24AAC66700E0AE10 /* SettingsModel.swift */ = {isa = PBXFileReference; lastKnownFileType = sourcecode.swift; path = SettingsModel.swift; sourceTree = "<group>"; };
		081D0F0124AB878700E0AE10 /* ImageExtensions.swift */ = {isa = PBXFileReference; lastKnownFileType = sourcecode.swift; path = ImageExtensions.swift; sourceTree = "<group>"; };
		081D995824ACE2EE005B030F /* WebServiceSecret.swift */ = {isa = PBXFileReference; lastKnownFileType = sourcecode.swift; path = WebServiceSecret.swift; sourceTree = "<group>"; };
		081D995A24ACE4A5005B030F /* XAxisLabelView.swift */ = {isa = PBXFileReference; lastKnownFileType = sourcecode.swift; path = XAxisLabelView.swift; sourceTree = "<group>"; };
		081D995C24ACEC71005B030F /* TestView.swift */ = {isa = PBXFileReference; lastKnownFileType = sourcecode.swift; path = TestView.swift; sourceTree = "<group>"; };
		081D995E24ACEE37005B030F /* DetailView.swift */ = {isa = PBXFileReference; lastKnownFileType = sourcecode.swift; path = DetailView.swift; sourceTree = "<group>"; };
		081D996024AD1A7F005B030F /* ChartViewController.swift */ = {isa = PBXFileReference; lastKnownFileType = sourcecode.swift; path = ChartViewController.swift; sourceTree = "<group>"; };
		081D996224AD2605005B030F /* FilterPopoverModel.swift */ = {isa = PBXFileReference; lastKnownFileType = sourcecode.swift; path = FilterPopoverModel.swift; sourceTree = "<group>"; };
		081D996424AD2B99005B030F /* SystemServices.swift */ = {isa = PBXFileReference; lastKnownFileType = sourcecode.swift; path = SystemServices.swift; sourceTree = "<group>"; };
		081D996624AD50E2005B030F /* FullscreenChartView.swift */ = {isa = PBXFileReference; lastKnownFileType = sourcecode.swift; path = FullscreenChartView.swift; sourceTree = "<group>"; };
		081D996824AD6962005B030F /* ImageService.swift */ = {isa = PBXFileReference; lastKnownFileType = sourcecode.swift; path = ImageService.swift; sourceTree = "<group>"; };
		081D99A924B29F09005B030F /* CEOPopoverView.swift */ = {isa = PBXFileReference; lastKnownFileType = sourcecode.swift; path = CEOPopoverView.swift; sourceTree = "<group>"; };
		081D99AB24B2A0D5005B030F /* CEOPopoverModel.swift */ = {isa = PBXFileReference; lastKnownFileType = sourcecode.swift; path = CEOPopoverModel.swift; sourceTree = "<group>"; };
		082E0BDC24BF72140083D769 /* TranslationStrings.swift */ = {isa = PBXFileReference; lastKnownFileType = sourcecode.swift; path = TranslationStrings.swift; sourceTree = "<group>"; };
		08BB2C4524BF7F1800878E4E /* en */ = {isa = PBXFileReference; lastKnownFileType = text.plist.strings; name = en; path = en.lproj/Localizable.strings; sourceTree = "<group>"; };
		08BB2C4724BF887500878E4E /* de */ = {isa = PBXFileReference; lastKnownFileType = text.plist.strings; name = de; path = de.lproj/Localizable.strings; sourceTree = "<group>"; };
		08C3DB1824A4E178005424A7 /* Lines.app */ = {isa = PBXFileReference; explicitFileType = wrapper.application; includeInIndex = 0; path = Lines.app; sourceTree = BUILT_PRODUCTS_DIR; };
		08C3DB1B24A4E178005424A7 /* AppDelegate.swift */ = {isa = PBXFileReference; lastKnownFileType = sourcecode.swift; path = AppDelegate.swift; sourceTree = "<group>"; };
		08C3DB1E24A4E178005424A7 /* stocks.xcdatamodel */ = {isa = PBXFileReference; lastKnownFileType = wrapper.xcdatamodel; path = stocks.xcdatamodel; sourceTree = "<group>"; };
		08C3DB2024A4E178005424A7 /* SceneDelegate.swift */ = {isa = PBXFileReference; lastKnownFileType = sourcecode.swift; path = SceneDelegate.swift; sourceTree = "<group>"; };
		08C3DB2224A4E178005424A7 /* Event.swift */ = {isa = PBXFileReference; lastKnownFileType = sourcecode.swift; path = Event.swift; sourceTree = "<group>"; };
		08C3DB2424A4E178005424A7 /* ContentView.swift */ = {isa = PBXFileReference; lastKnownFileType = sourcecode.swift; path = ContentView.swift; sourceTree = "<group>"; };
		08C3DB2624A4E17C005424A7 /* Assets.xcassets */ = {isa = PBXFileReference; lastKnownFileType = folder.assetcatalog; path = Assets.xcassets; sourceTree = "<group>"; };
		08C3DB2924A4E17C005424A7 /* Preview Assets.xcassets */ = {isa = PBXFileReference; lastKnownFileType = folder.assetcatalog; path = "Preview Assets.xcassets"; sourceTree = "<group>"; };
		08C3DB2C24A4E17C005424A7 /* Base */ = {isa = PBXFileReference; lastKnownFileType = file.storyboard; name = Base; path = Base.lproj/LaunchScreen.storyboard; sourceTree = "<group>"; };
		08C3DB2E24A4E17C005424A7 /* Info.plist */ = {isa = PBXFileReference; lastKnownFileType = text.plist.xml; path = Info.plist; sourceTree = "<group>"; };
		08C3DB3424A4E1A7005424A7 /* stocks.entitlements */ = {isa = PBXFileReference; lastKnownFileType = text.plist.entitlements; path = stocks.entitlements; sourceTree = "<group>"; };
		08C3DB3724A4EB9B005424A7 /* WebService.swift */ = {isa = PBXFileReference; lastKnownFileType = sourcecode.swift; path = WebService.swift; sourceTree = "<group>"; };
		08C3DB3B24A4F2F0005424A7 /* Historical.json */ = {isa = PBXFileReference; lastKnownFileType = text.json; path = Historical.json; sourceTree = "<group>"; };
		08C3DB3D24A4F4A7005424A7 /* Data.swift */ = {isa = PBXFileReference; lastKnownFileType = sourcecode.swift; path = Data.swift; sourceTree = "<group>"; };
		08C3DB3F24A4F5D1005424A7 /* HistoricalDay.swift */ = {isa = PBXFileReference; lastKnownFileType = sourcecode.swift; path = HistoricalDay.swift; sourceTree = "<group>"; };
		08C3DB4124A4FA99005424A7 /* Stock.swift */ = {isa = PBXFileReference; lastKnownFileType = sourcecode.swift; path = Stock.swift; sourceTree = "<group>"; };
		08C3DB4324A4FDB6005424A7 /* ChartColors.swift */ = {isa = PBXFileReference; fileEncoding = 4; lastKnownFileType = sourcecode.swift; name = ChartColors.swift; path = stocks/ChartColors.swift; sourceTree = SOURCE_ROOT; };
		08C3DB4424A4FDB6005424A7 /* ChartSeries.swift */ = {isa = PBXFileReference; fileEncoding = 4; lastKnownFileType = sourcecode.swift; name = ChartSeries.swift; path = stocks/ChartSeries.swift; sourceTree = SOURCE_ROOT; };
		08C3DB4524A4FDB6005424A7 /* Chart.swift */ = {isa = PBXFileReference; fileEncoding = 4; lastKnownFileType = sourcecode.swift; name = Chart.swift; path = stocks/Chart.swift; sourceTree = SOURCE_ROOT; };
		08C3DB4A24A4FF1A005424A7 /* ChartView.swift */ = {isa = PBXFileReference; lastKnownFileType = sourcecode.swift; path = ChartView.swift; sourceTree = "<group>"; };
		08D1D81E24BA2E0E00B1E5BC /* SidebarModel.swift */ = {isa = PBXFileReference; lastKnownFileType = sourcecode.swift; path = SidebarModel.swift; sourceTree = "<group>"; };
		08D5049424ABA8D50071DBC1 /* ButtonStyles.swift */ = {isa = PBXFileReference; lastKnownFileType = sourcecode.swift; path = ButtonStyles.swift; sourceTree = "<group>"; };
		08D5049624ABFA9B0071DBC1 /* FilterPopoverView.swift */ = {isa = PBXFileReference; lastKnownFileType = sourcecode.swift; path = FilterPopoverView.swift; sourceTree = "<group>"; };
		08F3A11524CF829E0053A248 /* PathExtensions.swift */ = {isa = PBXFileReference; lastKnownFileType = sourcecode.swift; path = PathExtensions.swift; sourceTree = "<group>"; };
		08F3A11D24CF8A980053A248 /* ZanderChartView.swift */ = {isa = PBXFileReference; lastKnownFileType = sourcecode.swift; path = ZanderChartView.swift; sourceTree = "<group>"; };
/* End PBXFileReference section */

/* Begin PBXFrameworksBuildPhase section */
		08C3DB1524A4E178005424A7 /* Frameworks */ = {
			isa = PBXFrameworksBuildPhase;
			buildActionMask = 2147483647;
			files = (
				08F3A11924CF841F0053A248 /* SwiftUICharts in Frameworks */,
			);
			runOnlyForDeploymentPostprocessing = 0;
		};
/* End PBXFrameworksBuildPhase section */

/* Begin PBXGroup section */
		081D0EED24A7AAA300E0AE10 /* JSON */ = {
			isa = PBXGroup;
			children = (
				08C3DB3B24A4F2F0005424A7 /* Historical.json */,
			);
			name = JSON;
			sourceTree = "<group>";
		};
		081D996A24AD82E0005B030F /* No Longer In Use */ = {
			isa = PBXGroup;
			children = (
				081D0EF224A7BC7700E0AE10 /* DataModels.swift */,
				08C3DB4A24A4FF1A005424A7 /* ChartView.swift */,
			);
			path = "No Longer In Use";
			sourceTree = "<group>";
		};
		08C3DB0F24A4E178005424A7 = {
			isa = PBXGroup;
			children = (
				08C3DB1A24A4E178005424A7 /* stocks */,
				08C3DB1924A4E178005424A7 /* Products */,
			);
			sourceTree = "<group>";
		};
		08C3DB1924A4E178005424A7 /* Products */ = {
			isa = PBXGroup;
			children = (
				08C3DB1824A4E178005424A7 /* Lines.app */,
			);
			name = Products;
			sourceTree = "<group>";
		};
		08C3DB1A24A4E178005424A7 /* stocks */ = {
			isa = PBXGroup;
			children = (
				08C3DB3424A4E1A7005424A7 /* stocks.entitlements */,
				08C3DB4C24A5455B005424A7 /* Delegates */,
				081D995824ACE2EE005B030F /* WebServiceSecret.swift */,
				08C3DB3724A4EB9B005424A7 /* WebService.swift */,
				081D996824AD6962005B030F /* ImageService.swift */,
				081D996424AD2B99005B030F /* SystemServices.swift */,
				081D0EF024A7AF5C00E0AE10 /* Response.swift */,
				08C3DB3F24A4F5D1005424A7 /* HistoricalDay.swift */,
				08C3DB3D24A4F4A7005424A7 /* Data.swift */,
				081D0EFC24AA958200E0AE10 /* DateExtensions.swift */,
				08F3A11524CF829E0053A248 /* PathExtensions.swift */,
				081D0F0124AB878700E0AE10 /* ImageExtensions.swift */,
				08D5049424ABA8D50071DBC1 /* ButtonStyles.swift */,
				082E0BDC24BF72140083D769 /* TranslationStrings.swift */,
				08BB2C4624BF7F1800878E4E /* Localizable.strings */,
				081D0EED24A7AAA300E0AE10 /* JSON */,
				08C3DB4D24A5456F005424A7 /* Core Data */,
				08C3DB2424A4E178005424A7 /* ContentView.swift */,
				08D1D81E24BA2E0E00B1E5BC /* SidebarModel.swift */,
				081D995E24ACEE37005B030F /* DetailView.swift */,
				081D0EF824AA73CC00E0AE10 /* DetailModel.swift */,
				081D996024AD1A7F005B030F /* ChartViewController.swift */,
				081D995A24ACE4A5005B030F /* XAxisLabelView.swift */,
				081D996624AD50E2005B030F /* FullscreenChartView.swift */,
				08D5049624ABFA9B0071DBC1 /* FilterPopoverView.swift */,
				081D996224AD2605005B030F /* FilterPopoverModel.swift */,
				081D99A924B29F09005B030F /* CEOPopoverView.swift */,
				081D99AB24B2A0D5005B030F /* CEOPopoverModel.swift */,
				081D0EF424A7C73500E0AE10 /* AddModalView.swift */,
				081D0EF624A8F93B00E0AE10 /* AddModalModel.swift */,
				081D0EEE24A7AC4C00E0AE10 /* SettingsView.swift */,
				081D0EFF24AAC66700E0AE10 /* SettingsModel.swift */,
				081D995C24ACEC71005B030F /* TestView.swift */,
				08F3A11C24CF8A790053A248 /* ZanderChartView */,
				081D996A24AD82E0005B030F /* No Longer In Use */,
				08C3DB4F24A545A2005424A7 /* Chart */,
				08C3DB2624A4E17C005424A7 /* Assets.xcassets */,
				08C3DB2B24A4E17C005424A7 /* LaunchScreen.storyboard */,
				08C3DB2E24A4E17C005424A7 /* Info.plist */,
				08C3DB2824A4E17C005424A7 /* Preview Content */,
			);
			path = stocks;
			sourceTree = "<group>";
		};
		08C3DB2824A4E17C005424A7 /* Preview Content */ = {
			isa = PBXGroup;
			children = (
				08C3DB2924A4E17C005424A7 /* Preview Assets.xcassets */,
			);
			path = "Preview Content";
			sourceTree = "<group>";
		};
		08C3DB4C24A5455B005424A7 /* Delegates */ = {
			isa = PBXGroup;
			children = (
				08C3DB1B24A4E178005424A7 /* AppDelegate.swift */,
				08C3DB2024A4E178005424A7 /* SceneDelegate.swift */,
			);
			path = Delegates;
			sourceTree = "<group>";
		};
		08C3DB4D24A5456F005424A7 /* Core Data */ = {
			isa = PBXGroup;
			children = (
				08C3DB1D24A4E178005424A7 /* stocks.xcdatamodeld */,
				08C3DB2224A4E178005424A7 /* Event.swift */,
				08C3DB4124A4FA99005424A7 /* Stock.swift */,
			);
			path = "Core Data";
			sourceTree = "<group>";
		};
		08C3DB4F24A545A2005424A7 /* Chart */ = {
			isa = PBXGroup;
			children = (
				08C3DB4424A4FDB6005424A7 /* ChartSeries.swift */,
				08C3DB4324A4FDB6005424A7 /* ChartColors.swift */,
				08C3DB4524A4FDB6005424A7 /* Chart.swift */,
			);
			name = Chart;
			sourceTree = "<group>";
		};
		08F3A11C24CF8A790053A248 /* ZanderChartView */ = {
			isa = PBXGroup;
			children = (
				08F3A11D24CF8A980053A248 /* ZanderChartView.swift */,
			);
			path = ZanderChartView;
			sourceTree = "<group>";
		};
/* End PBXGroup section */

/* Begin PBXNativeTarget section */
		08C3DB1724A4E178005424A7 /* stocks */ = {
			isa = PBXNativeTarget;
			buildConfigurationList = 08C3DB3124A4E17C005424A7 /* Build configuration list for PBXNativeTarget "stocks" */;
			buildPhases = (
				08C3DB1424A4E178005424A7 /* Sources */,
				08C3DB1524A4E178005424A7 /* Frameworks */,
				08C3DB1624A4E178005424A7 /* Resources */,
			);
			buildRules = (
			);
			dependencies = (
			);
			name = stocks;
			packageProductDependencies = (
				08F3A11824CF841F0053A248 /* SwiftUICharts */,
			);
			productName = stocks;
			productReference = 08C3DB1824A4E178005424A7 /* Lines.app */;
			productType = "com.apple.product-type.application";
		};
/* End PBXNativeTarget section */

/* Begin PBXProject section */
		08C3DB1024A4E178005424A7 /* Project object */ = {
			isa = PBXProject;
			attributes = {
				LastSwiftUpdateCheck = 1150;
				LastUpgradeCheck = 1150;
				ORGANIZATIONNAME = "Alexander Rohrig";
				TargetAttributes = {
					08C3DB1724A4E178005424A7 = {
						CreatedOnToolsVersion = 11.5;
					};
				};
			};
			buildConfigurationList = 08C3DB1324A4E178005424A7 /* Build configuration list for PBXProject "stocks" */;
			compatibilityVersion = "Xcode 9.3";
			developmentRegion = en;
			hasScannedForEncodings = 0;
			knownRegions = (
				en,
				Base,
				de,
			);
			mainGroup = 08C3DB0F24A4E178005424A7;
			packageReferences = (
				08F3A11724CF841F0053A248 /* XCRemoteSwiftPackageReference "ChartView" */,
			);
			productRefGroup = 08C3DB1924A4E178005424A7 /* Products */;
			projectDirPath = "";
			projectRoot = "";
			targets = (
				08C3DB1724A4E178005424A7 /* stocks */,
			);
		};
/* End PBXProject section */

/* Begin PBXResourcesBuildPhase section */
		08C3DB1624A4E178005424A7 /* Resources */ = {
			isa = PBXResourcesBuildPhase;
			buildActionMask = 2147483647;
			files = (
				08BB2C4424BF7F1800878E4E /* Localizable.strings in Resources */,
				08C3DB2D24A4E17C005424A7 /* LaunchScreen.storyboard in Resources */,
				08C3DB3C24A4F2F0005424A7 /* Historical.json in Resources */,
				08C3DB2A24A4E17C005424A7 /* Preview Assets.xcassets in Resources */,
				08C3DB2724A4E17C005424A7 /* Assets.xcassets in Resources */,
			);
			runOnlyForDeploymentPostprocessing = 0;
		};
/* End PBXResourcesBuildPhase section */

/* Begin PBXSourcesBuildPhase section */
		08C3DB1424A4E178005424A7 /* Sources */ = {
			isa = PBXSourcesBuildPhase;
			buildActionMask = 2147483647;
			files = (
				08D5049724ABFA9B0071DBC1 /* FilterPopoverView.swift in Sources */,
				081D996324AD2605005B030F /* FilterPopoverModel.swift in Sources */,
				08C3DB2324A4E178005424A7 /* Event.swift in Sources */,
				081D996124AD1A7F005B030F /* ChartViewController.swift in Sources */,
				08C3DB2524A4E178005424A7 /* ContentView.swift in Sources */,
				081D0F0024AAC66700E0AE10 /* SettingsModel.swift in Sources */,
				08C3DB3824A4EB9B005424A7 /* WebService.swift in Sources */,
				081D0EF124A7AF5C00E0AE10 /* Response.swift in Sources */,
				081D996924AD6962005B030F /* ImageService.swift in Sources */,
				08C3DB1F24A4E178005424A7 /* stocks.xcdatamodeld in Sources */,
				08C3DB1C24A4E178005424A7 /* AppDelegate.swift in Sources */,
				08C3DB3E24A4F4A7005424A7 /* Data.swift in Sources */,
				08D1D81F24BA2E0E00B1E5BC /* SidebarModel.swift in Sources */,
				081D995B24ACE4A5005B030F /* XAxisLabelView.swift in Sources */,
				08F3A11E24CF8A980053A248 /* ZanderChartView.swift in Sources */,
				081D0EF324A7BC7700E0AE10 /* DataModels.swift in Sources */,
				08C3DB4B24A4FF1A005424A7 /* ChartView.swift in Sources */,
				081D0EEF24A7AC4C00E0AE10 /* SettingsView.swift in Sources */,
				081D995924ACE2EE005B030F /* WebServiceSecret.swift in Sources */,
				08C3DB4824A4FDB6005424A7 /* Chart.swift in Sources */,
				08D5049524ABA8D60071DBC1 /* ButtonStyles.swift in Sources */,
				08C3DB4624A4FDB6005424A7 /* ChartColors.swift in Sources */,
				081D995F24ACEE37005B030F /* DetailView.swift in Sources */,
				081D996724AD50E2005B030F /* FullscreenChartView.swift in Sources */,
				08C3DB4024A4F5D1005424A7 /* HistoricalDay.swift in Sources */,
				081D0EFD24AA958200E0AE10 /* DateExtensions.swift in Sources */,
				08C3DB4724A4FDB6005424A7 /* ChartSeries.swift in Sources */,
				081D996524AD2B99005B030F /* SystemServices.swift in Sources */,
				081D0EF524A7C73500E0AE10 /* AddModalView.swift in Sources */,
				082E0BDD24BF72140083D769 /* TranslationStrings.swift in Sources */,
				081D99AC24B2A0D5005B030F /* CEOPopoverModel.swift in Sources */,
				081D0F0224AB878800E0AE10 /* ImageExtensions.swift in Sources */,
				081D0EF924AA73CD00E0AE10 /* DetailModel.swift in Sources */,
				08C3DB4224A4FA99005424A7 /* Stock.swift in Sources */,
				081D99AA24B29F09005B030F /* CEOPopoverView.swift in Sources */,
				081D995D24ACEC71005B030F /* TestView.swift in Sources */,
				08F3A11624CF829E0053A248 /* PathExtensions.swift in Sources */,
				081D0EF724A8F93B00E0AE10 /* AddModalModel.swift in Sources */,
				08C3DB2124A4E178005424A7 /* SceneDelegate.swift in Sources */,
			);
			runOnlyForDeploymentPostprocessing = 0;
		};
/* End PBXSourcesBuildPhase section */

/* Begin PBXVariantGroup section */
		08BB2C4624BF7F1800878E4E /* Localizable.strings */ = {
			isa = PBXVariantGroup;
			children = (
				08BB2C4524BF7F1800878E4E /* en */,
				08BB2C4724BF887500878E4E /* de */,
			);
			name = Localizable.strings;
			sourceTree = "<group>";
		};
		08C3DB2B24A4E17C005424A7 /* LaunchScreen.storyboard */ = {
			isa = PBXVariantGroup;
			children = (
				08C3DB2C24A4E17C005424A7 /* Base */,
			);
			name = LaunchScreen.storyboard;
			sourceTree = "<group>";
		};
/* End PBXVariantGroup section */

/* Begin XCBuildConfiguration section */
		08C3DB2F24A4E17C005424A7 /* Debug */ = {
			isa = XCBuildConfiguration;
			buildSettings = {
				ALWAYS_SEARCH_USER_PATHS = NO;
				CLANG_ANALYZER_LOCALIZABILITY_NONLOCALIZED = YES;
				CLANG_ANALYZER_NONNULL = YES;
				CLANG_ANALYZER_NUMBER_OBJECT_CONVERSION = YES_AGGRESSIVE;
				CLANG_CXX_LANGUAGE_STANDARD = "gnu++14";
				CLANG_CXX_LIBRARY = "libc++";
				CLANG_ENABLE_MODULES = YES;
				CLANG_ENABLE_OBJC_ARC = YES;
				CLANG_ENABLE_OBJC_WEAK = YES;
				CLANG_WARN_BLOCK_CAPTURE_AUTORELEASING = YES;
				CLANG_WARN_BOOL_CONVERSION = YES;
				CLANG_WARN_COMMA = YES;
				CLANG_WARN_CONSTANT_CONVERSION = YES;
				CLANG_WARN_DEPRECATED_OBJC_IMPLEMENTATIONS = YES;
				CLANG_WARN_DIRECT_OBJC_ISA_USAGE = YES_ERROR;
				CLANG_WARN_DOCUMENTATION_COMMENTS = YES;
				CLANG_WARN_EMPTY_BODY = YES;
				CLANG_WARN_ENUM_CONVERSION = YES;
				CLANG_WARN_INFINITE_RECURSION = YES;
				CLANG_WARN_INT_CONVERSION = YES;
				CLANG_WARN_NON_LITERAL_NULL_CONVERSION = YES;
				CLANG_WARN_OBJC_IMPLICIT_RETAIN_SELF = YES;
				CLANG_WARN_OBJC_LITERAL_CONVERSION = YES;
				CLANG_WARN_OBJC_ROOT_CLASS = YES_ERROR;
				CLANG_WARN_RANGE_LOOP_ANALYSIS = YES;
				CLANG_WARN_STRICT_PROTOTYPES = YES;
				CLANG_WARN_SUSPICIOUS_MOVE = YES;
				CLANG_WARN_UNGUARDED_AVAILABILITY = YES_AGGRESSIVE;
				CLANG_WARN_UNREACHABLE_CODE = YES;
				CLANG_WARN__DUPLICATE_METHOD_MATCH = YES;
				COPY_PHASE_STRIP = NO;
				DEBUG_INFORMATION_FORMAT = dwarf;
				ENABLE_STRICT_OBJC_MSGSEND = YES;
				ENABLE_TESTABILITY = YES;
				GCC_C_LANGUAGE_STANDARD = gnu11;
				GCC_DYNAMIC_NO_PIC = NO;
				GCC_NO_COMMON_BLOCKS = YES;
				GCC_OPTIMIZATION_LEVEL = 0;
				GCC_PREPROCESSOR_DEFINITIONS = (
					"DEBUG=1",
					"$(inherited)",
				);
				GCC_WARN_64_TO_32_BIT_CONVERSION = YES;
				GCC_WARN_ABOUT_RETURN_TYPE = YES_ERROR;
				GCC_WARN_UNDECLARED_SELECTOR = YES;
				GCC_WARN_UNINITIALIZED_AUTOS = YES_AGGRESSIVE;
				GCC_WARN_UNUSED_FUNCTION = YES;
				GCC_WARN_UNUSED_VARIABLE = YES;
				IPHONEOS_DEPLOYMENT_TARGET = 13.5;
				MTL_ENABLE_DEBUG_INFO = INCLUDE_SOURCE;
				MTL_FAST_MATH = YES;
				ONLY_ACTIVE_ARCH = YES;
				SDKROOT = iphoneos;
				SWIFT_ACTIVE_COMPILATION_CONDITIONS = DEBUG;
				SWIFT_OPTIMIZATION_LEVEL = "-Onone";
			};
			name = Debug;
		};
		08C3DB3024A4E17C005424A7 /* Release */ = {
			isa = XCBuildConfiguration;
			buildSettings = {
				ALWAYS_SEARCH_USER_PATHS = NO;
				CLANG_ANALYZER_LOCALIZABILITY_NONLOCALIZED = YES;
				CLANG_ANALYZER_NONNULL = YES;
				CLANG_ANALYZER_NUMBER_OBJECT_CONVERSION = YES_AGGRESSIVE;
				CLANG_CXX_LANGUAGE_STANDARD = "gnu++14";
				CLANG_CXX_LIBRARY = "libc++";
				CLANG_ENABLE_MODULES = YES;
				CLANG_ENABLE_OBJC_ARC = YES;
				CLANG_ENABLE_OBJC_WEAK = YES;
				CLANG_WARN_BLOCK_CAPTURE_AUTORELEASING = YES;
				CLANG_WARN_BOOL_CONVERSION = YES;
				CLANG_WARN_COMMA = YES;
				CLANG_WARN_CONSTANT_CONVERSION = YES;
				CLANG_WARN_DEPRECATED_OBJC_IMPLEMENTATIONS = YES;
				CLANG_WARN_DIRECT_OBJC_ISA_USAGE = YES_ERROR;
				CLANG_WARN_DOCUMENTATION_COMMENTS = YES;
				CLANG_WARN_EMPTY_BODY = YES;
				CLANG_WARN_ENUM_CONVERSION = YES;
				CLANG_WARN_INFINITE_RECURSION = YES;
				CLANG_WARN_INT_CONVERSION = YES;
				CLANG_WARN_NON_LITERAL_NULL_CONVERSION = YES;
				CLANG_WARN_OBJC_IMPLICIT_RETAIN_SELF = YES;
				CLANG_WARN_OBJC_LITERAL_CONVERSION = YES;
				CLANG_WARN_OBJC_ROOT_CLASS = YES_ERROR;
				CLANG_WARN_RANGE_LOOP_ANALYSIS = YES;
				CLANG_WARN_STRICT_PROTOTYPES = YES;
				CLANG_WARN_SUSPICIOUS_MOVE = YES;
				CLANG_WARN_UNGUARDED_AVAILABILITY = YES_AGGRESSIVE;
				CLANG_WARN_UNREACHABLE_CODE = YES;
				CLANG_WARN__DUPLICATE_METHOD_MATCH = YES;
				COPY_PHASE_STRIP = NO;
				DEBUG_INFORMATION_FORMAT = "dwarf-with-dsym";
				ENABLE_NS_ASSERTIONS = NO;
				ENABLE_STRICT_OBJC_MSGSEND = YES;
				GCC_C_LANGUAGE_STANDARD = gnu11;
				GCC_NO_COMMON_BLOCKS = YES;
				GCC_WARN_64_TO_32_BIT_CONVERSION = YES;
				GCC_WARN_ABOUT_RETURN_TYPE = YES_ERROR;
				GCC_WARN_UNDECLARED_SELECTOR = YES;
				GCC_WARN_UNINITIALIZED_AUTOS = YES_AGGRESSIVE;
				GCC_WARN_UNUSED_FUNCTION = YES;
				GCC_WARN_UNUSED_VARIABLE = YES;
				IPHONEOS_DEPLOYMENT_TARGET = 13.5;
				MTL_ENABLE_DEBUG_INFO = NO;
				MTL_FAST_MATH = YES;
				SDKROOT = iphoneos;
				SWIFT_COMPILATION_MODE = wholemodule;
				SWIFT_OPTIMIZATION_LEVEL = "-O";
				VALIDATE_PRODUCT = YES;
			};
			name = Release;
		};
		08C3DB3224A4E17C005424A7 /* Debug */ = {
			isa = XCBuildConfiguration;
			buildSettings = {
				ASSETCATALOG_COMPILER_APPICON_NAME = AppIcon;
				CODE_SIGN_ENTITLEMENTS = stocks/stocks.entitlements;
				CODE_SIGN_STYLE = Automatic;
				DEVELOPMENT_ASSET_PATHS = "\"stocks/Preview Content\"";
				DEVELOPMENT_TEAM = 3865YC2YEY;
				ENABLE_PREVIEWS = YES;
				INFOPLIST_FILE = stocks/Info.plist;
				IPHONEOS_DEPLOYMENT_TARGET = 13.0;
				LD_RUNPATH_SEARCH_PATHS = (
					"$(inherited)",
					"@executable_path/Frameworks",
				);
				PRODUCT_BUNDLE_IDENTIFIER = com.alexanderrohrig.stocks;
				PRODUCT_NAME = Lines;
				SUPPORTS_MACCATALYST = YES;
				SWIFT_VERSION = 5.0;
				TARGETED_DEVICE_FAMILY = 2;
			};
			name = Debug;
		};
		08C3DB3324A4E17C005424A7 /* Release */ = {
			isa = XCBuildConfiguration;
			buildSettings = {
				ASSETCATALOG_COMPILER_APPICON_NAME = AppIcon;
				CODE_SIGN_ENTITLEMENTS = stocks/stocks.entitlements;
				CODE_SIGN_STYLE = Automatic;
				DEVELOPMENT_ASSET_PATHS = "\"stocks/Preview Content\"";
				DEVELOPMENT_TEAM = 3865YC2YEY;
				ENABLE_PREVIEWS = YES;
				INFOPLIST_FILE = stocks/Info.plist;
				IPHONEOS_DEPLOYMENT_TARGET = 13.0;
				LD_RUNPATH_SEARCH_PATHS = (
					"$(inherited)",
					"@executable_path/Frameworks",
				);
				PRODUCT_BUNDLE_IDENTIFIER = com.alexanderrohrig.stocks;
				PRODUCT_NAME = Lines;
				SUPPORTS_MACCATALYST = YES;
				SWIFT_VERSION = 5.0;
				TARGETED_DEVICE_FAMILY = 2;
			};
			name = Release;
		};
/* End XCBuildConfiguration section */

/* Begin XCConfigurationList section */
		08C3DB1324A4E178005424A7 /* Build configuration list for PBXProject "stocks" */ = {
			isa = XCConfigurationList;
			buildConfigurations = (
				08C3DB2F24A4E17C005424A7 /* Debug */,
				08C3DB3024A4E17C005424A7 /* Release */,
			);
			defaultConfigurationIsVisible = 0;
			defaultConfigurationName = Release;
		};
		08C3DB3124A4E17C005424A7 /* Build configuration list for PBXNativeTarget "stocks" */ = {
			isa = XCConfigurationList;
			buildConfigurations = (
				08C3DB3224A4E17C005424A7 /* Debug */,
				08C3DB3324A4E17C005424A7 /* Release */,
			);
			defaultConfigurationIsVisible = 0;
			defaultConfigurationName = Release;
		};
/* End XCConfigurationList section */

/* Begin XCRemoteSwiftPackageReference section */
		08F3A11724CF841F0053A248 /* XCRemoteSwiftPackageReference "ChartView" */ = {
			isa = XCRemoteSwiftPackageReference;
			repositoryURL = "https://github.com/AppPear/ChartView";
			requirement = {
				kind = upToNextMajorVersion;
				minimumVersion = 1.5.3;
			};
		};
/* End XCRemoteSwiftPackageReference section */

/* Begin XCSwiftPackageProductDependency section */
		08F3A11824CF841F0053A248 /* SwiftUICharts */ = {
			isa = XCSwiftPackageProductDependency;
			package = 08F3A11724CF841F0053A248 /* XCRemoteSwiftPackageReference "ChartView" */;
			productName = SwiftUICharts;
		};
/* End XCSwiftPackageProductDependency section */

/* Begin XCVersionGroup section */
		08C3DB1D24A4E178005424A7 /* stocks.xcdatamodeld */ = {
			isa = XCVersionGroup;
			children = (
				08C3DB1E24A4E178005424A7 /* stocks.xcdatamodel */,
			);
			currentVersion = 08C3DB1E24A4E178005424A7 /* stocks.xcdatamodel */;
			path = stocks.xcdatamodeld;
			sourceTree = "<group>";
			versionGroupType = wrapper.xcdatamodel;
		};
/* End XCVersionGroup section */
	};
	rootObject = 08C3DB1024A4E178005424A7 /* Project object */;
}
